
Microsoft Visual Studio Solution File, Format Version 12.00
# Visual Studio Version 17
VisualStudioVersion = 17.14.36203.30
MinimumVisualStudioVersion = 10.0.40219.1
Project("{FAE04EC0-301F-11D3-BF4B-00C04F79EFBC}") = "QRiskTree.Engine", "QRiskTree.Engine.csproj", "{8A1D5B2C-B447-4CC8-A82A-C5567C510F69}"
EndProject
Project("{FAE04EC0-301F-11D3-BF4B-00C04F79EFBC}") = "QRiskTreeTest", "..\QRiskTreeTest\QRiskTreeTest.csproj", "{C3EAE6F8-A5DC-4063-8791-E89DBAA8385E}"
EndProject
Global
	GlobalSection(SolutionConfigurationPlatforms) = preSolution
		Debug|Any CPU = Debug|Any CPU
		Release|Any CPU = Release|Any CPU
	EndGlobalSection
	GlobalSection(ProjectConfigurationPlatforms) = postSolution
		{8A1D5B2C-B447-4CC8-A82A-C5567C510F69}.Debug|Any CPU.ActiveCfg = Debug|Any CPU
		{8A1D5B2C-B447-4CC8-A82A-C5567C510F69}.Debug|Any CPU.Build.0 = Debug|Any CPU
		{8A1D5B2C-B447-4CC8-A82A-C5567C510F69}.Release|Any CPU.ActiveCfg = Release|Any CPU
		{8A1D5B2C-B447-4CC8-A82A-C5567C510F69}.Release|Any CPU.Build.0 = Release|Any CPU
		{C3EAE6F8-A5DC-4063-8791-E89DBAA8385E}.Debug|Any CPU.ActiveCfg = Debug|Any CPU
		{C3EAE6F8-A5DC-4063-8791-E89DBAA8385E}.Debug|Any CPU.Build.0 = Debug|Any CPU
		{C3EAE6F8-A5DC-4063-8791-E89DBAA8385E}.Release|Any CPU.ActiveCfg = Release|Any CPU
		{C3EAE6F8-A5DC-4063-8791-E89DBAA8385E}.Release|Any CPU.Build.0 = Release|Any CPU
	EndGlobalSection
	GlobalSection(SolutionProperties) = preSolution
		HideSolutionNode = FALSE
	EndGlobalSection
	GlobalSection(ExtensibilityGlobals) = postSolution
		SolutionGuid = {B863CF3D-38EC-43A3-A595-75E9F1800346}
	EndGlobalSection
EndGlobal
