
Microsoft Visual Studio Solution File, Format Version 12.00
# Visual Studio Version 17
VisualStudioVersion = 17.14.36221.1 d17.14
MinimumVisualStudioVersion = 10.0.40219.1
Project("{FAE04EC0-301F-11D3-BF4B-00C04F79EFBC}") = "QRiskTree.Engine", "QRiskTree.Engine\QRiskTree.Engine.csproj", "{F92C1DBA-04B4-D748-DEB0-ED95AEF8DBEC}"
EndProject
Project("{FAE04EC0-301F-11D3-BF4B-00C04F79EFBC}") = "QRiskTreeTest", "QRiskTreeTest\QRiskTreeTest.csproj", "{9AFED7CA-2E9E-4F0A-E8EE-71214A59B56D}"
EndProject
Global
	GlobalSection(SolutionConfigurationPlatforms) = preSolution
		Debug|Any CPU = Debug|Any CPU
		Release|Any CPU = Release|Any CPU
	EndGlobalSection
	GlobalSection(ProjectConfigurationPlatforms) = postSolution
		{F92C1DBA-04B4-D748-DEB0-ED95AEF8DBEC}.Debug|Any CPU.ActiveCfg = Debug|Any CPU
		{F92C1DBA-04B4-D748-DEB0-ED95AEF8DBEC}.Debug|Any CPU.Build.0 = Debug|Any CPU
		{F92C1DBA-04B4-D748-DEB0-ED95AEF8DBEC}.Release|Any CPU.ActiveCfg = Release|Any CPU
		{F92C1DBA-04B4-D748-DEB0-ED95AEF8DBEC}.Release|Any CPU.Build.0 = Release|Any CPU
		{9AFED7CA-2E9E-4F0A-E8EE-71214A59B56D}.Debug|Any CPU.ActiveCfg = Debug|Any CPU
		{9AFED7CA-2E9E-4F0A-E8EE-71214A59B56D}.Debug|Any CPU.Build.0 = Debug|Any CPU
		{9AFED7CA-2E9E-4F0A-E8EE-71214A59B56D}.Release|Any CPU.ActiveCfg = Release|Any CPU
		{9AFED7CA-2E9E-4F0A-E8EE-71214A59B56D}.Release|Any CPU.Build.0 = Release|Any CPU
	EndGlobalSection
	GlobalSection(SolutionProperties) = preSolution
		HideSolutionNode = FALSE
	EndGlobalSection
	GlobalSection(ExtensibilityGlobals) = postSolution
		SolutionGuid = {B6C3245E-C656-449D-94AC-4246CCFB4A9F}
	EndGlobalSection
EndGlobal
